
Microsoft Visual Studio Solution File, Format Version 12.00
# Visual Studio Version 17
VisualStudioVersion = 17.13.35825.156
MinimumVisualStudioVersion = 10.0.40219.1
Project("{FAE04EC0-301F-11D3-BF4B-00C04F79EFBC}") = "TaskManagement.Api", "TaskManagement.Api\TaskManagement.Api.csproj", "{C38DF818-DCDB-427B-AF0E-E39A2844D38D}"
EndProject
Project("{FAE04EC0-301F-11D3-BF4B-00C04F79EFBC}") = "TaskManagement.Api.Domain", "TaskManagement.Api.Domain\TaskManagement.Api.Domain.csproj", "{C5A6D01D-C941-4562-B251-A88BDF7A7A9B}"
EndProject
Project("{FAE04EC0-301F-11D3-BF4B-00C04F79EFBC}") = "TaskManagement.Api.Infra.Data", "TaskManagement.Api.Infra.Data\TaskManagement.Api.Infra.Data.csproj", "{61309571-764C-4CB4-8031-9A1AFF6D3BDB}"
EndProject
Project("{00D1A9C2-B5F0-4AF3-8072-F6C62B433612}") = "TaskManagement.Api.Infra.Database", "TaskManagement.Api.Infra.Database\TaskManagement.Api.Infra.Database.sqlproj", "{E2D915EE-708B-4EE6-9F92-B6C91E499814}"
EndProject
Project("{FAE04EC0-301F-11D3-BF4B-00C04F79EFBC}") = "TaskManagement.Api.Infra.IO", "TaskManagement.Api.Infra.IO\TaskManagement.Api.Infra.IO.csproj", "{0C136E36-0685-49EF-A88D-F34780F237DD}"
EndProject
Project("{FAE04EC0-301F-11D3-BF4B-00C04F79EFBC}") = "TaskManagement.Api.Domain.Tests", "TaskManagement.Api.Domain.Tests\TaskManagement.Api.Domain.Tests.csproj", "{F2BD46C1-87CC-4FCF-9A5B-CC83C942CB11}"
EndProject
Project("{FAE04EC0-301F-11D3-BF4B-00C04F79EFBC}") = "TaskManagement.Api.Infra.Data.Tests", "TaskManagement.Api.Infra.Data.Tests\TaskManagement.Api.Infra.Data.Tests.csproj", "{E2CE9C0C-23A8-4A5A-BA57-42B8C66AAE37}"
EndProject
Project("{FAE04EC0-301F-11D3-BF4B-00C04F79EFBC}") = "TaskManagement.Api.Tests", "TaskManagement.Api.Tests\TaskManagement.Api.Tests.csproj", "{C450CC2D-11D5-4CFC-B9D0-F62811183E93}"
EndProject
Global
	GlobalSection(SolutionConfigurationPlatforms) = preSolution
		Debug|Any CPU = Debug|Any CPU
		Release|Any CPU = Release|Any CPU
	EndGlobalSection
	GlobalSection(ProjectConfigurationPlatforms) = postSolution
		{C38DF818-DCDB-427B-AF0E-E39A2844D38D}.Debug|Any CPU.ActiveCfg = Debug|Any CPU
		{C38DF818-DCDB-427B-AF0E-E39A2844D38D}.Debug|Any CPU.Build.0 = Debug|Any CPU
		{C38DF818-DCDB-427B-AF0E-E39A2844D38D}.Release|Any CPU.ActiveCfg = Release|Any CPU
		{C38DF818-DCDB-427B-AF0E-E39A2844D38D}.Release|Any CPU.Build.0 = Release|Any CPU
		{C5A6D01D-C941-4562-B251-A88BDF7A7A9B}.Debug|Any CPU.ActiveCfg = Debug|Any CPU
		{C5A6D01D-C941-4562-B251-A88BDF7A7A9B}.Debug|Any CPU.Build.0 = Debug|Any CPU
		{C5A6D01D-C941-4562-B251-A88BDF7A7A9B}.Release|Any CPU.ActiveCfg = Release|Any CPU
		{C5A6D01D-C941-4562-B251-A88BDF7A7A9B}.Release|Any CPU.Build.0 = Release|Any CPU
		{61309571-764C-4CB4-8031-9A1AFF6D3BDB}.Debug|Any CPU.ActiveCfg = Debug|Any CPU
		{61309571-764C-4CB4-8031-9A1AFF6D3BDB}.Debug|Any CPU.Build.0 = Debug|Any CPU
		{61309571-764C-4CB4-8031-9A1AFF6D3BDB}.Release|Any CPU.ActiveCfg = Release|Any CPU
		{61309571-764C-4CB4-8031-9A1AFF6D3BDB}.Release|Any CPU.Build.0 = Release|Any CPU
		{E2D915EE-708B-4EE6-9F92-B6C91E499814}.Debug|Any CPU.ActiveCfg = Debug|Any CPU
		{E2D915EE-708B-4EE6-9F92-B6C91E499814}.Debug|Any CPU.Build.0 = Debug|Any CPU
		{E2D915EE-708B-4EE6-9F92-B6C91E499814}.Debug|Any CPU.Deploy.0 = Debug|Any CPU
		{E2D915EE-708B-4EE6-9F92-B6C91E499814}.Release|Any CPU.ActiveCfg = Release|Any CPU
		{E2D915EE-708B-4EE6-9F92-B6C91E499814}.Release|Any CPU.Build.0 = Release|Any CPU
		{E2D915EE-708B-4EE6-9F92-B6C91E499814}.Release|Any CPU.Deploy.0 = Release|Any CPU
		{0C136E36-0685-49EF-A88D-F34780F237DD}.Debug|Any CPU.ActiveCfg = Debug|Any CPU
		{0C136E36-0685-49EF-A88D-F34780F237DD}.Debug|Any CPU.Build.0 = Debug|Any CPU
		{0C136E36-0685-49EF-A88D-F34780F237DD}.Release|Any CPU.ActiveCfg = Release|Any CPU
		{0C136E36-0685-49EF-A88D-F34780F237DD}.Release|Any CPU.Build.0 = Release|Any CPU
		{F2BD46C1-87CC-4FCF-9A5B-CC83C942CB11}.Debug|Any CPU.ActiveCfg = Debug|Any CPU
		{F2BD46C1-87CC-4FCF-9A5B-CC83C942CB11}.Debug|Any CPU.Build.0 = Debug|Any CPU
		{F2BD46C1-87CC-4FCF-9A5B-CC83C942CB11}.Release|Any CPU.ActiveCfg = Release|Any CPU
		{F2BD46C1-87CC-4FCF-9A5B-CC83C942CB11}.Release|Any CPU.Build.0 = Release|Any CPU
		{E2CE9C0C-23A8-4A5A-BA57-42B8C66AAE37}.Debug|Any CPU.ActiveCfg = Debug|Any CPU
		{E2CE9C0C-23A8-4A5A-BA57-42B8C66AAE37}.Debug|Any CPU.Build.0 = Debug|Any CPU
		{E2CE9C0C-23A8-4A5A-BA57-42B8C66AAE37}.Release|Any CPU.ActiveCfg = Release|Any CPU
		{E2CE9C0C-23A8-4A5A-BA57-42B8C66AAE37}.Release|Any CPU.Build.0 = Release|Any CPU
		{C450CC2D-11D5-4CFC-B9D0-F62811183E93}.Debug|Any CPU.ActiveCfg = Debug|Any CPU
		{C450CC2D-11D5-4CFC-B9D0-F62811183E93}.Debug|Any CPU.Build.0 = Debug|Any CPU
		{C450CC2D-11D5-4CFC-B9D0-F62811183E93}.Release|Any CPU.ActiveCfg = Release|Any CPU
		{C450CC2D-11D5-4CFC-B9D0-F62811183E93}.Release|Any CPU.Build.0 = Release|Any CPU
	EndGlobalSection
	GlobalSection(SolutionProperties) = preSolution
		HideSolutionNode = FALSE
	EndGlobalSection
	GlobalSection(ExtensibilityGlobals) = postSolution
		SolutionGuid = {89065D22-3D74-439D-8D18-AB611199F39F}
	EndGlobalSection
EndGlobal
